dependencies:
- name: rook-ceph
  repository: https://charts.rook.io/release
  version: v1.15.4
- name: rook-ceph-cluster
  repository: https://charts.rook.io/release
  version: v1.15.4
- name: snapshot-controller
  repository: https://piraeus.io/helm-charts
  version: 5.3.0
digest: sha256:a106ec6412c2bc4b80511823df346a8999c5ead36c6c576c231a8de66fbf6699
generated: "2026-09-21T13:01:32.523951698Z"
