dependencies:
- name: argo-cd
  repository: https://argoproj.github.io/argo-helm
  version: 10.9.2
- name: argocd-apps
  repository: https://argoproj.github.io/argo-helm
  version: 2.0.5
digest: sha256:7496b7191ead50529ce4001764eb49d871cb6f13208ff92386cd3327a41e199b
generated: "2026-09-20T17:47:00.575679-04:00"
