dependencies:
- name: argo-cd
  repository: https://argoproj.github.io/argo-helm
  version: 10.9.2
- name: argocd-apps
  repository: https://argoproj.github.io/argo-helm
  version: 2.0.6
digest: sha256:eb60dab37e7c167f7dafb2884be9f6995411d83d7a4418b8448daf4e392f75cf
generated: "2026-10-10T17:31:42.533330308Z"
